
Microsoft Visual Studio Solution File, Format Version 12.00
# Visual Studio Version 17
VisualStudioVersion = 17.4.33403.182
MinimumVisualStudioVersion = 10.0.40219.1
Project("{9A19103F-16F7-4668-BE54-9A1E7A4F7556}") = "API", "API\API.csproj", "{D9C4A9B5-10A9-4FBC-8474-3E9D3E8D55ED}"
	ProjectSection(ProjectDependencies) = postProject
		{2B0AC7D2-55C2-4085-9BFF-91CB2E09665A} = {2B0AC7D2-55C2-4085-9BFF-91CB2E09665A}
	EndProjectSection
EndProject
Project("{9A19103F-16F7-4668-BE54-9A1E7A4F7556}") = "Core", "Core\Core.csproj", "{2B0AC7D2-55C2-4085-9BFF-91CB2E09665A}"
EndProject
Project("{9A19103F-16F7-4668-BE54-9A1E7A4F7556}") = "Infrastructure", "Infrastructure\Infrastructure.csproj", "{E0F98292-BBBF-4DC3-A415-100387D16D28}"
EndProject
Project("{9A19103F-16F7-4668-BE54-9A1E7A4F7556}") = "Persistence.SQL", "Persistence.SQL\Persistence.SQL.csproj", "{257C369B-DE26-4BC5-B0C3-FB6280166DAE}"
EndProject
Project("{9A19103F-16F7-4668-BE54-9A1E7A4F7556}") = "Services", "Services\Services.csproj", "{27C60E7B-5079-43DA-B1DE-6859B00280BC}"
EndProject
Global
	GlobalSection(SolutionConfigurationPlatforms) = preSolution
		Debug|Any CPU = Debug|Any CPU
		Release|Any CPU = Release|Any CPU
	EndGlobalSection
	GlobalSection(ProjectConfigurationPlatforms) = postSolution
		{D9C4A9B5-10A9-4FBC-8474-3E9D3E8D55ED}.Debug|Any CPU.ActiveCfg = Debug|Any CPU
		{D9C4A9B5-10A9-4FBC-8474-3E9D3E8D55ED}.Debug|Any CPU.Build.0 = Debug|Any CPU
		{D9C4A9B5-10A9-4FBC-8474-3E9D3E8D55ED}.Release|Any CPU.ActiveCfg = Release|Any CPU
		{D9C4A9B5-10A9-4FBC-8474-3E9D3E8D55ED}.Release|Any CPU.Build.0 = Release|Any CPU
		{2B0AC7D2-55C2-4085-9BFF-91CB2E09665A}.Debug|Any CPU.ActiveCfg = Debug|Any CPU
		{2B0AC7D2-55C2-4085-9BFF-91CB2E09665A}.Debug|Any CPU.Build.0 = Debug|Any CPU
		{2B0AC7D2-55C2-4085-9BFF-91CB2E09665A}.Release|Any CPU.ActiveCfg = Release|Any CPU
		{2B0AC7D2-55C2-4085-9BFF-91CB2E09665A}.Release|Any CPU.Build.0 = Release|Any CPU
		{E0F98292-BBBF-4DC3-A415-100387D16D28}.Debug|Any CPU.ActiveCfg = Debug|Any CPU
		{E0F98292-BBBF-4DC3-A415-100387D16D28}.Debug|Any CPU.Build.0 = Debug|Any CPU
		{E0F98292-BBBF-4DC3-A415-100387D16D28}.Release|Any CPU.ActiveCfg = Release|Any CPU
		{E0F98292-BBBF-4DC3-A415-100387D16D28}.Release|Any CPU.Build.0 = Release|Any CPU
		{257C369B-DE26-4BC5-B0C3-FB6280166DAE}.Debug|Any CPU.ActiveCfg = Debug|Any CPU
		{257C369B-DE26-4BC5-B0C3-FB6280166DAE}.Debug|Any CPU.Build.0 = Debug|Any CPU
		{257C369B-DE26-4BC5-B0C3-FB6280166DAE}.Release|Any CPU.ActiveCfg = Release|Any CPU
		{257C369B-DE26-4BC5-B0C3-FB6280166DAE}.Release|Any CPU.Build.0 = Release|Any CPU
		{27C60E7B-5079-43DA-B1DE-6859B00280BC}.Debug|Any CPU.ActiveCfg = Debug|Any CPU
		{27C60E7B-5079-43DA-B1DE-6859B00280BC}.Debug|Any CPU.Build.0 = Debug|Any CPU
		{27C60E7B-5079-43DA-B1DE-6859B00280BC}.Release|Any CPU.ActiveCfg = Release|Any CPU
		{27C60E7B-5079-43DA-B1DE-6859B00280BC}.Release|Any CPU.Build.0 = Release|Any CPU
	EndGlobalSection
	GlobalSection(SolutionProperties) = preSolution
		HideSolutionNode = FALSE
	EndGlobalSection
	GlobalSection(ExtensibilityGlobals) = postSolution
		SolutionGuid = {3FECC625-568D-46A5-A60A-0185DDE1478C}
	EndGlobalSection
EndGlobal
